
Microsoft Visual Studio Solution File, Format Version 12.00
# Visual Studio Version 16
VisualStudioVersion = 16.0.29503.13
MinimumVisualStudioVersion = 10.0.40219.1
Project("{9A19103F-16F7-4668-BE54-9A1E7A4F7556}") = "Battleship_Mystery", "Battleship_Mystery\Battleship_Mystery.csproj", "{19C80FAF-1E17-4C86-88F7-EA9F5D390408}"
EndProject
Project("{FAE04EC0-301F-11D3-BF4B-00C04F79EFBC}") = "Unit Tests", "Unit Tests\Unit Tests.csproj", "{D2914CE0-4D9B-45B2-964F-066A592FC824}"
EndProject
Global
	GlobalSection(SolutionConfigurationPlatforms) = preSolution
		Debug|Any CPU = Debug|Any CPU
		Release|Any CPU = Release|Any CPU
	EndGlobalSection
	GlobalSection(ProjectConfigurationPlatforms) = postSolution
		{19C80FAF-1E17-4C86-88F7-EA9F5D390408}.Debug|Any CPU.ActiveCfg = Debug|Any CPU
		{19C80FAF-1E17-4C86-88F7-EA9F5D390408}.Debug|Any CPU.Build.0 = Debug|Any CPU
		{19C80FAF-1E17-4C86-88F7-EA9F5D390408}.Release|Any CPU.ActiveCfg = Release|Any CPU
		{19C80FAF-1E17-4C86-88F7-EA9F5D390408}.Release|Any CPU.Build.0 = Release|Any CPU
		{D2914CE0-4D9B-45B2-964F-066A592FC824}.Debug|Any CPU.ActiveCfg = Debug|Any CPU
		{D2914CE0-4D9B-45B2-964F-066A592FC824}.Debug|Any CPU.Build.0 = Debug|Any CPU
		{D2914CE0-4D9B-45B2-964F-066A592FC824}.Release|Any CPU.ActiveCfg = Release|Any CPU
		{D2914CE0-4D9B-45B2-964F-066A592FC824}.Release|Any CPU.Build.0 = Release|Any CPU
	EndGlobalSection
	GlobalSection(SolutionProperties) = preSolution
		HideSolutionNode = FALSE
	EndGlobalSection
	GlobalSection(ExtensibilityGlobals) = postSolution
		SolutionGuid = {E4BE6024-3D2A-47B4-A6A0-33AF3C8A680A}
	EndGlobalSection
EndGlobal
